// !$*UTF8*$!
{
	archiveVersion = 1;
	classes = {
	};
	objectVersion = 56;
	objects = {

/* Begin PBXBuildFile section */
		26D0CCE5296C6EF100AE17A4 /* FlagsQuizApp.swift in Sources */ = {isa = PBXBuildFile; fileRef = 26D0CCE4296C6EF100AE17A4 /* FlagsQuizApp.swift */; };
		26D0CCE7296C6EF100AE17A4 /* ContentView.swift in Sources */ = {isa = PBXBuildFile; fileRef = 26D0CCE6296C6EF100AE17A4 /* ContentView.swift */; };
		26D0CCE9296C6EF200AE17A4 /* Assets.xcassets in Resources */ = {isa = PBXBuildFile; fileRef = 26D0CCE8296C6EF200AE17A4 /* Assets.xcassets */; };
		26D0CCEC296C6EF200AE17A4 /* Preview Assets.xcassets in Resources */ = {isa = PBXBuildFile; fileRef = 26D0CCEB296C6EF200AE17A4 /* Preview Assets.xcassets */; };
		26D0CCF6296C6EF200AE17A4 /* FlagsQuizTests.swift in Sources */ = {isa = PBXBuildFile; fileRef = 26D0CCF5296C6EF200AE17A4 /* FlagsQuizTests.swift */; };
		26D0CD00296C6EF200AE17A4 /* FlagsQuizUITests.swift in Sources */ = {isa = PBXBuildFile; fileRef = 26D0CCFF296C6EF200AE17A4 /* FlagsQuizUITests.swift */; };
		26D0CD02296C6EF200AE17A4 /* FlagsQuizUITestsLaunchTests.swift in Sources */ = {isa = PBXBuildFile; fileRef = 26D0CD01296C6EF200AE17A4 /* FlagsQuizUITestsLaunchTests.swift */; };
/* End PBXBuildFile section */

/* Begin PBXContainerItemProxy section */
		26D0CCF2296C6EF200AE17A4 /* PBXContainerItemProxy */ = {
			isa = PBXContainerItemProxy;
			containerPortal = 26D0CCD9296C6EF100AE17A4 /* Project object */;
			proxyType = 1;
			remoteGlobalIDString = 26D0CCE0296C6EF100AE17A4;
			remoteInfo = FlagsQuiz;
		};
		26D0CCFC296C6EF200AE17A4 /* PBXContainerItemProxy */ = {
			isa = PBXContainerItemProxy;
			containerPortal = 26D0CCD9296C6EF100AE17A4 /* Project object */;
			proxyType = 1;
			remoteGlobalIDString = 26D0CCE0296C6EF100AE17A4;
			remoteInfo = FlagsQuiz;
		};
/* End PBXContainerItemProxy section */

/* Begin PBXFileReference section */
		26D0CCE1296C6EF100AE17A4 /* FlagsQuiz.app */ = {isa = PBXFileReference; explicitFileType = wrapper.application; includeInIndex = 0; path = FlagsQuiz.app; sourceTree = BUILT_PRODUCTS_DIR; };
		26D0CCE4296C6EF100AE17A4 /* FlagsQuizApp.swift */ = {isa = PBXFileReference; lastKnownFileType = sourcecode.swift; path = FlagsQuizApp.swift; sourceTree = "<group>"; };
		26D0CCE6296C6EF100AE17A4 /* ContentView.swift */ = {isa = PBXFileReference; lastKnownFileType = sourcecode.swift; path = ContentView.swift; sourceTree = "<group>"; };
		26D0CCE8296C6EF200AE17A4 /* Assets.xcassets */ = {isa = PBXFileReference; lastKnownFileType = folder.assetcatalog; path = Assets.xcassets; sourceTree = "<group>"; };
		26D0CCEB296C6EF200AE17A4 /* Preview Assets.xcassets */ = {isa = PBXFileReference; lastKnownFileType = folder.assetcatalog; path = "Preview Assets.xcassets"; sourceTree = "<group>"; };
		26D0CCF1296C6EF200AE17A4 /* FlagsQuizTests.xctest */ = {isa = PBXFileReference; explicitFileType = wrapper.cfbundle; includeInIndex = 0; path = FlagsQuizTests.xctest; sourceTree = BUILT_PRODUCTS_DIR; };
		26D0CCF5296C6EF200AE17A4 /* FlagsQuizTests.swift */ = {isa = PBXFileReference; lastKnownFileType = sourcecode.swift; path = FlagsQuizTests.swift; sourceTree = "<group>"; };
		26D0CCFB296C6EF200AE17A4 /* FlagsQuizUITests.xctest */ = {isa = PBXFileReference; explicitFileType = wrapper.cfbundle; includeInIndex = 0; path = FlagsQuizUITests.xctest; sourceTree = BUILT_PRODUCTS_DIR; };
		26D0CCFF296C6EF200AE17A4 /* FlagsQuizUITests.swift */ = {isa = PBXFileReference; lastKnownFileType = sourcecode.swift; path = FlagsQuizUITests.swift; sourceTree = "<group>"; };
		26D0CD01296C6EF200AE17A4 /* FlagsQuizUITestsLaunchTests.swift */ = {isa = PBXFileReference; lastKnownFileType = sourcecode.swift; path = FlagsQuizUITestsLaunchTests.swift; sourceTree = "<group>"; };
/* End PBXFileReference section */

/* Begin PBXFrameworksBuildPhase section */
		26D0CCDE296C6EF100AE17A4 /* Frameworks */ = {
			isa = PBXFrameworksBuildPhase;
			buildActionMask = 2147483647;
			files = (
			);
			runOnlyForDeploymentPostprocessing = 0;
		};
		26D0CCEE296C6EF200AE17A4 /* Frameworks */ = {
			isa = PBXFrameworksBuildPhase;
			buildActionMask = 2147483647;
			files = (
			);
			runOnlyForDeploymentPostprocessing = 0;
		};
		26D0CCF8296C6EF200AE17A4 /* Frameworks */ = {
			isa = PBXFrameworksBuildPhase;
			buildActionMask = 2147483647;
			files = (
			);
			runOnlyForDeploymentPostprocessing = 0;
		};
/* End PBXFrameworksBuildPhase section */

/* Begin PBXGroup section */
		26D0CCD8296C6EF100AE17A4 = {
			isa = PBXGroup;
			children = (
				26D0CCE3296C6EF100AE17A4 /* FlagsQuiz */,
				26D0CCF4296C6EF200AE17A4 /* FlagsQuizTests */,
				26D0CCFE296C6EF200AE17A4 /* FlagsQuizUITests */,
				26D0CCE2296C6EF100AE17A4 /* Products */,
			);
			sourceTree = "<group>";
		};
		26D0CCE2296C6EF100AE17A4 /* Products */ = {
			isa = PBXGroup;
			children = (
				26D0CCE1296C6EF100AE17A4 /* FlagsQuiz.app */,
				26D0CCF1296C6EF200AE17A4 /* FlagsQuizTests.xctest */,
				26D0CCFB296C6EF200AE17A4 /* FlagsQuizUITests.xctest */,
			);
			name = Products;
			sourceTree = "<group>";
		};
		26D0CCE3296C6EF100AE17A4 /* FlagsQuiz */ = {
			isa = PBXGroup;
			children = (
				26D0CCE4296C6EF100AE17A4 /* FlagsQuizApp.swift */,
				26D0CCE6296C6EF100AE17A4 /* ContentView.swift */,
				26D0CCE8296C6EF200AE17A4 /* Assets.xcassets */,
				26D0CCEA296C6EF200AE17A4 /* Preview Content */,
			);
			path = FlagsQuiz;
			sourceTree = "<group>";
		};
		26D0CCEA296C6EF200AE17A4 /* Preview Content */ = {
			isa = PBXGroup;
			children = (
				26D0CCEB296C6EF200AE17A4 /* Preview Assets.xcassets */,
			);
			path = "Preview Content";
			sourceTree = "<group>";
		};
		26D0CCF4296C6EF200AE17A4 /* FlagsQuizTests */ = {
			isa = PBXGroup;
			children = (
				26D0CCF5296C6EF200AE17A4 /* FlagsQuizTests.swift */,
			);
			path = FlagsQuizTests;
			sourceTree = "<group>";
		};
		26D0CCFE296C6EF200AE17A4 /* FlagsQuizUITests */ = {
			isa = PBXGroup;
			children = (
				26D0CCFF296C6EF200AE17A4 /* FlagsQuizUITests.swift */,
				26D0CD01296C6EF200AE17A4 /* FlagsQuizUITestsLaunchTests.swift */,
			);
			path = FlagsQuizUITests;
			sourceTree = "<group>";
		};
/* End PBXGroup section */

/* Begin PBXNativeTarget section */
		26D0CCE0296C6EF100AE17A4 /* FlagsQuiz */ = {
			isa = PBXNativeTarget;
			buildConfigurationList = 26D0CD05296C6EF200AE17A4 /* Build configuration list for PBXNativeTarget "FlagsQuiz" */;
			buildPhases = (
				26D0CCDD296C6EF100AE17A4 /* Sources */,
				26D0CCDE296C6EF100AE17A4 /* Frameworks */,
				26D0CCDF296C6EF100AE17A4 /* Resources */,
			);
			buildRules = (
			);
			dependencies = (
			);
			name = FlagsQuiz;
			productName = FlagsQuiz;
			productReference = 26D0CCE1296C6EF100AE17A4 /* FlagsQuiz.app */;
			productType = "com.apple.product-type.application";
		};
		26D0CCF0296C6EF200AE17A4 /* FlagsQuizTests */ = {
			isa = PBXNativeTarget;
			buildConfigurationList = 26D0CD08296C6EF200AE17A4 /* Build configuration list for PBXNativeTarget "FlagsQuizTests" */;
			buildPhases = (
				26D0CCED296C6EF200AE17A4 /* Sources */,
				26D0CCEE296C6EF200AE17A4 /* Frameworks */,
				26D0CCEF296C6EF200AE17A4 /* Resources */,
			);
			buildRules = (
			);
			dependencies = (
				26D0CCF3296C6EF200AE17A4 /* PBXTargetDependency */,
			);
			name = FlagsQuizTests;
			productName = FlagsQuizTests;
			productReference = 26D0CCF1296C6EF200AE17A4 /* FlagsQuizTests.xctest */;
			productType = "com.apple.product-type.bundle.unit-test";
		};
		26D0CCFA296C6EF200AE17A4 /* FlagsQuizUITests */ = {
			isa = PBXNativeTarget;
			buildConfigurationList = 26D0CD0B296C6EF200AE17A4 /* Build configuration list for PBXNativeTarget "FlagsQuizUITests" */;
			buildPhases = (
				26D0CCF7296C6EF200AE17A4 /* Sources */,
				26D0CCF8296C6EF200AE17A4 /* Frameworks */,
				26D0CCF9296C6EF200AE17A4 /* Resources */,
			);
			buildRules = (
			);
			dependencies = (
				26D0CCFD296C6EF200AE17A4 /* PBXTargetDependency */,
			);
			name = FlagsQuizUITests;
			productName = FlagsQuizUITests;
			productReference = 26D0CCFB296C6EF200AE17A4 /* FlagsQuizUITests.xctest */;
			productType = "com.apple.product-type.bundle.ui-testing";
		};
/* End PBXNativeTarget section */

/* Begin PBXProject section */
		26D0CCD9296C6EF100AE17A4 /* Project object */ = {
			isa = PBXProject;
			attributes = {
				BuildIndependentTargetsInParallel = 1;
				LastSwiftUpdateCheck = 1410;
				LastUpgradeCheck = 1410;
				TargetAttributes = {
					26D0CCE0296C6EF100AE17A4 = {
						CreatedOnToolsVersion = 14.1;
					};
					26D0CCF0296C6EF200AE17A4 = {
						CreatedOnToolsVersion = 14.1;
						TestTargetID = 26D0CCE0296C6EF100AE17A4;
					};
					26D0CCFA296C6EF200AE17A4 = {
						CreatedOnToolsVersion = 14.1;
						TestTargetID = 26D0CCE0296C6EF100AE17A4;
					};
				};
			};
			buildConfigurationList = 26D0CCDC296C6EF100AE17A4 /* Build configuration list for PBXProject "FlagsQuiz" */;
			compatibilityVersion = "Xcode 14.0";
			developmentRegion = en;
			hasScannedForEncodings = 0;
			knownRegions = (
				en,
				Base,
			);
			mainGroup = 26D0CCD8296C6EF100AE17A4;
			productRefGroup = 26D0CCE2296C6EF100AE17A4 /* Products */;
			projectDirPath = "";
			projectRoot = "";
			targets = (
				26D0CCE0296C6EF100AE17A4 /* FlagsQuiz */,
				26D0CCF0296C6EF200AE17A4 /* FlagsQuizTests */,
				26D0CCFA296C6EF200AE17A4 /* FlagsQuizUITests */,
			);
		};
/* End PBXProject section */

/* Begin PBXResourcesBuildPhase section */
		26D0CCDF296C6EF100AE17A4 /* Resources */ = {
			isa = PBXResourcesBuildPhase;
			buildActionMask = 2147483647;
			files = (
				26D0CCEC296C6EF200AE17A4 /* Preview Assets.xcassets in Resources */,
				26D0CCE9296C6EF200AE17A4 /* Assets.xcassets in Resources */,
			);
			runOnlyForDeploymentPostprocessing = 0;
		};
		26D0CCEF296C6EF200AE17A4 /* Resources */ = {
			isa = PBXResourcesBuildPhase;
			buildActionMask = 2147483647;
			files = (
			);
			runOnlyForDeploymentPostprocessing = 0;
		};
		26D0CCF9296C6EF200AE17A4 /* Resources */ = {
			isa = PBXResourcesBuildPhase;
			buildActionMask = 2147483647;
			files = (
			);
			runOnlyForDeploymentPostprocessing = 0;
		};
/* End PBXResourcesBuildPhase section */

/* Begin PBXSourcesBuildPhase section */
		26D0CCDD296C6EF100AE17A4 /* Sources */ = {
			isa = PBXSourcesBuildPhase;
			buildActionMask = 2147483647;
			files = (
				26D0CCE7296C6EF100AE17A4 /* ContentView.swift in Sources */,
				26D0CCE5296C6EF100AE17A4 /* FlagsQuizApp.swift in Sources */,
			);
			runOnlyForDeploymentPostprocessing = 0;
		};
		26D0CCED296C6EF200AE17A4 /* Sources */ = {
			isa = PBXSourcesBuildPhase;
			buildActionMask = 2147483647;
			files = (
				26D0CCF6296C6EF200AE17A4 /* FlagsQuizTests.swift in Sources */,
			);
			runOnlyForDeploymentPostprocessing = 0;
		};
		26D0CCF7296C6EF200AE17A4 /* Sources */ = {
			isa = PBXSourcesBuildPhase;
			buildActionMask = 2147483647;
			files = (
				26D0CD00296C6EF200AE17A4 /* FlagsQuizUITests.swift in Sources */,
				26D0CD02296C6EF200AE17A4 /* FlagsQuizUITestsLaunchTests.swift in Sources */,
			);
			runOnlyForDeploymentPostprocessing = 0;
		};
/* End PBXSourcesBuildPhase section */

/* Begin PBXTargetDependency section */
		26D0CCF3296C6EF200AE17A4 /* PBXTargetDependency */ = {
			isa = PBXTargetDependency;
			target = 26D0CCE0296C6EF100AE17A4 /* FlagsQuiz */;
			targetProxy = 26D0CCF2296C6EF200AE17A4 /* PBXContainerItemProxy */;
		};
		26D0CCFD296C6EF200AE17A4 /* PBXTargetDependency */ = {
			isa = PBXTargetDependency;
			target = 26D0CCE0296C6EF100AE17A4 /* FlagsQuiz */;
			targetProxy = 26D0CCFC296C6EF200AE17A4 /* PBXContainerItemProxy */;
		};
/* End PBXTargetDependency section */

/* Begin XCBuildConfiguration section */
		26D0CD03296C6EF200AE17A4 /* Debug */ = {
			isa = XCBuildConfiguration;
			buildSettings = {
				ALWAYS_SEARCH_USER_PATHS = NO;
				CLANG_ANALYZER_NONNULL = YES;
				CLANG_ANALYZER_NUMBER_OBJECT_CONVERSION = YES_AGGRESSIVE;
				CLANG_CXX_LANGUAGE_STANDARD = "gnu++20";
				CLANG_ENABLE_MODULES = YES;
				CLANG_ENABLE_OBJC_ARC = YES;
				CLANG_ENABLE_OBJC_WEAK = YES;
				CLANG_WARN_BLOCK_CAPTURE_AUTORELEASING = YES;
				CLANG_WARN_BOOL_CONVERSION = YES;
				CLANG_WARN_COMMA = YES;
				CLANG_WARN_CONSTANT_CONVERSION = YES;
				CLANG_WARN_DEPRECATED_OBJC_IMPLEMENTATIONS = YES;
				CLANG_WARN_DIRECT_OBJC_ISA_USAGE = YES_ERROR;
				CLANG_WARN_DOCUMENTATION_COMMENTS = YES;
				CLANG_WARN_EMPTY_BODY = YES;
				CLANG_WARN_ENUM_CONVERSION = YES;
				CLANG_WARN_INFINITE_RECURSION = YES;
				CLANG_WARN_INT_CONVERSION = YES;
				CLANG_WARN_NON_LITERAL_NULL_CONVERSION = YES;
				CLANG_WARN_OBJC_IMPLICIT_RETAIN_SELF = YES;
				CLANG_WARN_OBJC_LITERAL_CONVERSION = YES;
				CLANG_WARN_OBJC_ROOT_CLASS = YES_ERROR;
				CLANG_WARN_QUOTED_INCLUDE_IN_FRAMEWORK_HEADER = YES;
				CLANG_WARN_RANGE_LOOP_ANALYSIS = YES;
				CLANG_WARN_STRICT_PROTOTYPES = YES;
				CLANG_WARN_SUSPICIOUS_MOVE = YES;
				CLANG_WARN_UNGUARDED_AVAILABILITY = YES_AGGRESSIVE;
				CLANG_WARN_UNREACHABLE_CODE = YES;
				CLANG_WARN__DUPLICATE_METHOD_MATCH = YES;
				COPY_PHASE_STRIP = NO;
				DEBUG_INFORMATION_FORMAT = dwarf;
				ENABLE_STRICT_OBJC_MSGSEND = YES;
				ENABLE_TESTABILITY = YES;
				GCC_C_LANGUAGE_STANDARD = gnu11;
				GCC_DYNAMIC_NO_PIC = NO;
				GCC_NO_COMMON_BLOCKS = YES;
				GCC_OPTIMIZATION_LEVEL = 0;
				GCC_PREPROCESSOR_DEFINITIONS = (
					"DEBUG=1",
					"$(inherited)",
				);
				GCC_WARN_64_TO_32_BIT_CONVERSION = YES;
				GCC_WARN_ABOUT_RETURN_TYPE = YES_ERROR;
				GCC_WARN_UNDECLARED_SELECTOR = YES;
				GCC_WARN_UNINITIALIZED_AUTOS = YES_AGGRESSIVE;
				GCC_WARN_UNUSED_FUNCTION = YES;
				GCC_WARN_UNUSED_VARIABLE = YES;
				IPHONEOS_DEPLOYMENT_TARGET = 16.1;
				MTL_ENABLE_DEBUG_INFO = INCLUDE_SOURCE;
				MTL_FAST_MATH = YES;
				ONLY_ACTIVE_ARCH = YES;
				SDKROOT = iphoneos;
				SWIFT_ACTIVE_COMPILATION_CONDITIONS = DEBUG;
				SWIFT_OPTIMIZATION_LEVEL = "-Onone";
			};
			name = Debug;
		};
		26D0CD04296C6EF200AE17A4 /* Release */ = {
			isa = XCBuildConfiguration;
			buildSettings = {
				ALWAYS_SEARCH_USER_PATHS = NO;
				CLANG_ANALYZER_NONNULL = YES;
				CLANG_ANALYZER_NUMBER_OBJECT_CONVERSION = YES_AGGRESSIVE;
				CLANG_CXX_LANGUAGE_STANDARD = "gnu++20";
				CLANG_ENABLE_MODULES = YES;
				CLANG_ENABLE_OBJC_ARC = YES;
				CLANG_ENABLE_OBJC_WEAK = YES;
				CLANG_WARN_BLOCK_CAPTURE_AUTORELEASING = YES;
				CLANG_WARN_BOOL_CONVERSION = YES;
				CLANG_WARN_COMMA = YES;
				CLANG_WARN_CONSTANT_CONVERSION = YES;
				CLANG_WARN_DEPRECATED_OBJC_IMPLEMENTATIONS = YES;
				CLANG_WARN_DIRECT_OBJC_ISA_USAGE = YES_ERROR;
				CLANG_WARN_DOCUMENTATION_COMMENTS = YES;
				CLANG_WARN_EMPTY_BODY = YES;
				CLANG_WARN_ENUM_CONVERSION = YES;
				CLANG_WARN_INFINITE_RECURSION = YES;
				CLANG_WARN_INT_CONVERSION = YES;
				CLANG_WARN_NON_LITERAL_NULL_CONVERSION = YES;
				CLANG_WARN_OBJC_IMPLICIT_RETAIN_SELF = YES;
				CLANG_WARN_OBJC_LITERAL_CONVERSION = YES;
				CLANG_WARN_OBJC_ROOT_CLASS = YES_ERROR;
				CLANG_WARN_QUOTED_INCLUDE_IN_FRAMEWORK_HEADER = YES;
				CLANG_WARN_RANGE_LOOP_ANALYSIS = YES;
				CLANG_WARN_STRICT_PROTOTYPES = YES;
				CLANG_WARN_SUSPICIOUS_MOVE = YES;
				CLANG_WARN_UNGUARDED_AVAILABILITY = YES_AGGRESSIVE;
				CLANG_WARN_UNREACHABLE_CODE = YES;
				CLANG_WARN__DUPLICATE_METHOD_MATCH = YES;
				COPY_PHASE_STRIP = NO;
				DEBUG_INFORMATION_FORMAT = "dwarf-with-dsym";
				ENABLE_NS_ASSERTIONS = NO;
				ENABLE_STRICT_OBJC_MSGSEND = YES;
				GCC_C_LANGUAGE_STANDARD = gnu11;
				GCC_NO_COMMON_BLOCKS = YES;
				GCC_WARN_64_TO_32_BIT_CONVERSION = YES;
				GCC_WARN_ABOUT_RETURN_TYPE = YES_ERROR;
				GCC_WARN_UNDECLARED_SELECTOR = YES;
				GCC_WARN_UNINITIALIZED_AUTOS = YES_AGGRESSIVE;
				GCC_WARN_UNUSED_FUNCTION = YES;
				GCC_WARN_UNUSED_VARIABLE = YES;
				IPHONEOS_DEPLOYMENT_TARGET = 16.1;
				MTL_ENABLE_DEBUG_INFO = NO;
				MTL_FAST_MATH = YES;
				SDKROOT = iphoneos;
				SWIFT_COMPILATION_MODE = wholemodule;
				SWIFT_OPTIMIZATION_LEVEL = "-O";
				VALIDATE_PRODUCT = YES;
			};
			name = Release;
		};
		26D0CD06296C6EF200AE17A4 /* Debug */ = {
			isa = XCBuildConfiguration;
			buildSettings = {
				ASSETCATALOG_COMPILER_APPICON_NAME = AppIcon;
				ASSETCATALOG_COMPILER_GLOBAL_ACCENT_COLOR_NAME = AccentColor;
				CODE_SIGN_STYLE = Automatic;
				CURRENT_PROJECT_VERSION = 1;
				DEVELOPMENT_ASSET_PATHS = "\"FlagsQuiz/Preview Content\"";
				ENABLE_PREVIEWS = YES;
				GENERATE_INFOPLIST_FILE = YES;
				INFOPLIST_KEY_UIApplicationSceneManifest_Generation = YES;
				INFOPLIST_KEY_UIApplicationSupportsIndirectInputEvents = YES;
				INFOPLIST_KEY_UILaunchScreen_Generation = YES;
				INFOPLIST_KEY_UISupportedInterfaceOrientations_iPad = "UIInterfaceOrientationPortrait UIInterfaceOrientationPortraitUpsideDown UIInterfaceOrientationLandscapeLeft UIInterfaceOrientationLandscapeRight";
				INFOPLIST_KEY_UISupportedInterfaceOrientations_iPhone = "UIInterfaceOrientationPortrait UIInterfaceOrientationLandscapeLeft UIInterfaceOrientationLandscapeRight";
				LD_RUNPATH_SEARCH_PATHS = (
					"$(inherited)",
					"@executable_path/Frameworks",
				);
				MARKETING_VERSION = 1.0;
				PRODUCT_BUNDLE_IDENTIFIER = Cmark.FlagsQuiz;
				PRODUCT_NAME = "$(TARGET_NAME)";
				SWIFT_EMIT_LOC_STRINGS = YES;
				SWIFT_VERSION = 5.0;
				TARGETED_DEVICE_FAMILY = "1,2";
			};
			name = Debug;
		};
		26D0CD07296C6EF200AE17A4 /* Release */ = {
			isa = XCBuildConfiguration;
			buildSettings = {
				ASSETCATALOG_COMPILER_APPICON_NAME = AppIcon;
				ASSETCATALOG_COMPILER_GLOBAL_ACCENT_COLOR_NAME = AccentColor;
				CODE_SIGN_STYLE = Automatic;
				CURRENT_PROJECT_VERSION = 1;
				DEVELOPMENT_ASSET_PATHS = "\"FlagsQuiz/Preview Content\"";
				ENABLE_PREVIEWS = YES;
				GENERATE_INFOPLIST_FILE = YES;
				INFOPLIST_KEY_UIApplicationSceneManifest_Generation = YES;
				INFOPLIST_KEY_UIApplicationSupportsIndirectInputEvents = YES;
				INFOPLIST_KEY_UILaunchScreen_Generation = YES;
				INFOPLIST_KEY_UISupportedInterfaceOrientations_iPad = "UIInterfaceOrientationPortrait UIInterfaceOrientationPortraitUpsideDown UIInterfaceOrientationLandscapeLeft UIInterfaceOrientationLandscapeRight";
				INFOPLIST_KEY_UISupportedInterfaceOrientations_iPhone = "UIInterfaceOrientationPortrait UIInterfaceOrientationLandscapeLeft UIInterfaceOrientationLandscapeRight";
				LD_RUNPATH_SEARCH_PATHS = (
					"$(inherited)",
					"@executable_path/Frameworks",
				);
				MARKETING_VERSION = 1.0;
				PRODUCT_BUNDLE_IDENTIFIER = Cmark.FlagsQuiz;
				PRODUCT_NAME = "$(TARGET_NAME)";
				SWIFT_EMIT_LOC_STRINGS = YES;
				SWIFT_VERSION = 5.0;
				TARGETED_DEVICE_FAMILY = "1,2";
			};
			name = Release;
		};
		26D0CD09296C6EF200AE17A4 /* Debug */ = {
			isa = XCBuildConfiguration;
			buildSettings = {
				ALWAYS_EMBED_SWIFT_STANDARD_LIBRARIES = YES;
				BUNDLE_LOADER = "$(TEST_HOST)";
				CODE_SIGN_STYLE = Automatic;
				CURRENT_PROJECT_VERSION = 1;
				GENERATE_INFOPLIST_FILE = YES;
				IPHONEOS_DEPLOYMENT_TARGET = 16.1;
				MARKETING_VERSION = 1.0;
				PRODUCT_BUNDLE_IDENTIFIER = Cmark.FlagsQuizTests;
				PRODUCT_NAME = "$(TARGET_NAME)";
				SWIFT_EMIT_LOC_STRINGS = NO;
				SWIFT_VERSION = 5.0;
				TARGETED_DEVICE_FAMILY = "1,2";
				TEST_HOST = "$(BUILT_PRODUCTS_DIR)/FlagsQuiz.app/$(BUNDLE_EXECUTABLE_FOLDER_PATH)/FlagsQuiz";
			};
			name = Debug;
		};
		26D0CD0A296C6EF200AE17A4 /* Release */ = {
			isa = XCBuildConfiguration;
			buildSettings = {
				ALWAYS_EMBED_SWIFT_STANDARD_LIBRARIES = YES;
				BUNDLE_LOADER = "$(TEST_HOST)";
				CODE_SIGN_STYLE = Automatic;
				CURRENT_PROJECT_VERSION = 1;
				GENERATE_INFOPLIST_FILE = YES;
				IPHONEOS_DEPLOYMENT_TARGET = 16.1;
				MARKETING_VERSION = 1.0;
				PRODUCT_BUNDLE_IDENTIFIER = Cmark.FlagsQuizTests;
				PRODUCT_NAME = "$(TARGET_NAME)";
				SWIFT_EMIT_LOC_STRINGS = NO;
				SWIFT_VERSION = 5.0;
				TARGETED_DEVICE_FAMILY = "1,2";
				TEST_HOST = "$(BUILT_PRODUCTS_DIR)/FlagsQuiz.app/$(BUNDLE_EXECUTABLE_FOLDER_PATH)/FlagsQuiz";
			};
			name = Release;
		};
		26D0CD0C296C6EF200AE17A4 /* Debug */ = {
			isa = XCBuildConfiguration;
			buildSettings = {
				ALWAYS_EMBED_SWIFT_STANDARD_LIBRARIES = YES;
				CODE_SIGN_STYLE = Automatic;
				CURRENT_PROJECT_VERSION = 1;
				GENERATE_INFOPLIST_FILE = YES;
				MARKETING_VERSION = 1.0;
				PRODUCT_BUNDLE_IDENTIFIER = Cmark.FlagsQuizUITests;
				PRODUCT_NAME = "$(TARGET_NAME)";
				SWIFT_EMIT_LOC_STRINGS = NO;
				SWIFT_VERSION = 5.0;
				TARGETED_DEVICE_FAMILY = "1,2";
				TEST_TARGET_NAME = FlagsQuiz;
			};
			name = Debug;
		};
		26D0CD0D296C6EF200AE17A4 /* Release */ = {
			isa = XCBuildConfiguration;
			buildSettings = {
				ALWAYS_EMBED_SWIFT_STANDARD_LIBRARIES = YES;
				CODE_SIGN_STYLE = Automatic;
				CURRENT_PROJECT_VERSION = 1;
				GENERATE_INFOPLIST_FILE = YES;
				MARKETING_VERSION = 1.0;
				PRODUCT_BUNDLE_IDENTIFIER = Cmark.FlagsQuizUITests;
				PRODUCT_NAME = "$(TARGET_NAME)";
				SWIFT_EMIT_LOC_STRINGS = NO;
				SWIFT_VERSION = 5.0;
				TARGETED_DEVICE_FAMILY = "1,2";
				TEST_TARGET_NAME = FlagsQuiz;
			};
			name = Release;
		};
/* End XCBuildConfiguration section */

/* Begin XCConfigurationList section */
		26D0CCDC296C6EF100AE17A4 /* Build configuration list for PBXProject "FlagsQuiz" */ = {
			isa = XCConfigurationList;
			buildConfigurations = (
				26D0CD03296C6EF200AE17A4 /* Debug */,
				26D0CD04296C6EF200AE17A4 /* Release */,
			);
			defaultConfigurationIsVisible = 0;
			defaultConfigurationName = Release;
		};
		26D0CD05296C6EF200AE17A4 /* Build configuration list for PBXNativeTarget "FlagsQuiz" */ = {
			isa = XCConfigurationList;
			buildConfigurations = (
				26D0CD06296C6EF200AE17A4 /* Debug */,
				26D0CD07296C6EF200AE17A4 /* Release */,
			);
			defaultConfigurationIsVisible = 0;
			defaultConfigurationName = Release;
		};
		26D0CD08296C6EF200AE17A4 /* Build configuration list for PBXNativeTarget "FlagsQuizTests" */ = {
			isa = XCConfigurationList;
			buildConfigurations = (
				26D0CD09296C6EF200AE17A4 /* Debug */,
				26D0CD0A296C6EF200AE17A4 /* Release */,
			);
			defaultConfigurationIsVisible = 0;
			defaultConfigurationName = Release;
		};
		26D0CD0B296C6EF200AE17A4 /* Build configuration list for PBXNativeTarget "FlagsQuizUITests" */ = {
			isa = XCConfigurationList;
			buildConfigurations = (
				26D0CD0C296C6EF200AE17A4 /* Debug */,
				26D0CD0D296C6EF200AE17A4 /* Release */,
			);
			defaultConfigurationIsVisible = 0;
			defaultConfigurationName = Release;
		};
/* End XCConfigurationList section */
	};
	rootObject = 26D0CCD9296C6EF100AE17A4 /* Project object */;
}
